// !$*UTF8*$!
{
	archiveVersion = 1;
	classes = {
	};
	objectVersion = 56;
	objects = {

/* Begin PBXBuildFile section */
		120E7E342B518BF000D35827 /* TruthLabel.swift in Sources */ = {isa = PBXBuildFile; fileRef = 120E7E332B518BF000D35827 /* TruthLabel.swift */; };
		120E7E362B51999600D35827 /* TruthButton.swift in Sources */ = {isa = PBXBuildFile; fileRef = 120E7E352B51999500D35827 /* TruthButton.swift */; };
		120E7E3A2B51B01200D35827 /* InteractionsViewDelegate.swift in Sources */ = {isa = PBXBuildFile; fileRef = 120E7E392B51B01200D35827 /* InteractionsViewDelegate.swift */; };
		121864542B406B970085FB12 /* ArticleHorizontalSliderViewCell.swift in Sources */ = {isa = PBXBuildFile; fileRef = 121864532B406B970085FB12 /* ArticleHorizontalSliderViewCell.swift */; };
		121864572B40AFEB0085FB12 /* MenuHeader.swift in Sources */ = {isa = PBXBuildFile; fileRef = 121864562B40AFEB0085FB12 /* MenuHeader.swift */; };
		122A4FEE2B52F0D4001E1C8B /* TruthStackView.swift in Sources */ = {isa = PBXBuildFile; fileRef = 122A4FED2B52F0D4001E1C8B /* TruthStackView.swift */; };
		122A4FF32B5890A4001E1C8B /* TruthButtonTests.swift in Sources */ = {isa = PBXBuildFile; fileRef = 122A4FF22B5890A4001E1C8B /* TruthButtonTests.swift */; };
		122A4FF52B589496001E1C8B /* TruthLabelTests.swift in Sources */ = {isa = PBXBuildFile; fileRef = 122A4FF42B589496001E1C8B /* TruthLabelTests.swift */; };
		122A4FF72B5C0601001E1C8B /* TruthImageView.swift in Sources */ = {isa = PBXBuildFile; fileRef = 122A4FF62B5C0600001E1C8B /* TruthImageView.swift */; };
		122A4FF92B5C1237001E1C8B /* TitleViewCell.swift in Sources */ = {isa = PBXBuildFile; fileRef = 122A4FF82B5C1237001E1C8B /* TitleViewCell.swift */; };
		122A4FFB2B5C5877001E1C8B /* TruthImageView.swift in Sources */ = {isa = PBXBuildFile; fileRef = 122A4FFA2B5C5877001E1C8B /* TruthImageView.swift */; };
		122A50002B5C5A2D001E1C8B /* HeaderViewCellTests.swift in Sources */ = {isa = PBXBuildFile; fileRef = 122A4FFF2B5C5A2D001E1C8B /* HeaderViewCellTests.swift */; };
		122A50022B5C73D9001E1C8B /* HomeViewControllerTests.swift in Sources */ = {isa = PBXBuildFile; fileRef = 122A50012B5C73D9001E1C8B /* HomeViewControllerTests.swift */; };
		124DAF062B3857A500D688F5 /* AppDelegate.swift in Sources */ = {isa = PBXBuildFile; fileRef = 124DAF052B3857A500D688F5 /* AppDelegate.swift */; };
		124DAF082B3857A500D688F5 /* SceneDelegate.swift in Sources */ = {isa = PBXBuildFile; fileRef = 124DAF072B3857A500D688F5 /* SceneDelegate.swift */; };
		124DAF0D2B3857A500D688F5 /* Main.storyboard in Resources */ = {isa = PBXBuildFile; fileRef = 124DAF0B2B3857A500D688F5 /* Main.storyboard */; };
		124DAF0F2B3857A800D688F5 /* Assets.xcassets in Resources */ = {isa = PBXBuildFile; fileRef = 124DAF0E2B3857A800D688F5 /* Assets.xcassets */; };
		124DAF122B3857A800D688F5 /* LaunchScreen.storyboard in Resources */ = {isa = PBXBuildFile; fileRef = 124DAF102B3857A800D688F5 /* LaunchScreen.storyboard */; };
		124DAF1D2B3857A800D688F5 /* TruthStackViewTests.swift in Sources */ = {isa = PBXBuildFile; fileRef = 124DAF1C2B3857A800D688F5 /* TruthStackViewTests.swift */; };
		124DAF272B3857A800D688F5 /* TruthUITests.swift in Sources */ = {isa = PBXBuildFile; fileRef = 124DAF262B3857A800D688F5 /* TruthUITests.swift */; };
		124DAF292B3857A800D688F5 /* TruthUITestsLaunchTests.swift in Sources */ = {isa = PBXBuildFile; fileRef = 124DAF282B3857A800D688F5 /* TruthUITestsLaunchTests.swift */; };
		124DAF3A2B3857CA00D688F5 /* InteractionsView.swift in Sources */ = {isa = PBXBuildFile; fileRef = 124DAF362B3857CA00D688F5 /* InteractionsView.swift */; };
		124DAF3B2B3857CA00D688F5 /* AuthorDetails.swift in Sources */ = {isa = PBXBuildFile; fileRef = 124DAF372B3857CA00D688F5 /* AuthorDetails.swift */; };
		124DAF3C2B3857CA00D688F5 /* ArticleHorizontalSlider.swift in Sources */ = {isa = PBXBuildFile; fileRef = 124DAF392B3857CA00D688F5 /* ArticleHorizontalSlider.swift */; };
		124DAF562B3857D900D688F5 /* HomeViewController.swift in Sources */ = {isa = PBXBuildFile; fileRef = 124DAF3E2B3857D800D688F5 /* HomeViewController.swift */; };
		124DAF642B3857D900D688F5 /* Source.swift in Sources */ = {isa = PBXBuildFile; fileRef = 124DAF522B3857D900D688F5 /* Source.swift */; };
		124DAF662B3857D900D688F5 /* News.swift in Sources */ = {isa = PBXBuildFile; fileRef = 124DAF542B3857D900D688F5 /* News.swift */; };
		124DAF672B3857D900D688F5 /* Article.swift in Sources */ = {isa = PBXBuildFile; fileRef = 124DAF552B3857D900D688F5 /* Article.swift */; };
		124DAF9C2B3858D100D688F5 /* Network.swift in Sources */ = {isa = PBXBuildFile; fileRef = 124DAF9B2B3858D100D688F5 /* Network.swift */; };
		124DAFA02B385BC200D688F5 /* CenteredCollectionView in Frameworks */ = {isa = PBXBuildFile; productRef = 124DAF9F2B385BC200D688F5 /* CenteredCollectionView */; };
		124DAFB72B38755000D688F5 /* ArticleSource.swift in Sources */ = {isa = PBXBuildFile; fileRef = 124DAFB62B38755000D688F5 /* ArticleSource.swift */; };
		12574C592B4ACEBE008AFFD7 /* HeaderView.swift in Sources */ = {isa = PBXBuildFile; fileRef = 12574C582B4ACEBE008AFFD7 /* HeaderView.swift */; };
		12574C5D2B4AD81E008AFFD7 /* NewsArticleViewController.swift in Sources */ = {isa = PBXBuildFile; fileRef = 12574C5C2B4AD81E008AFFD7 /* NewsArticleViewController.swift */; };
		12574C5F2B4AE510008AFFD7 /* NewsTypeViewCell.swift in Sources */ = {isa = PBXBuildFile; fileRef = 12574C5E2B4AE510008AFFD7 /* NewsTypeViewCell.swift */; };
		12574C612B4AEAF3008AFFD7 /* NewsArticleViewModel.swift in Sources */ = {isa = PBXBuildFile; fileRef = 12574C602B4AEAF3008AFFD7 /* NewsArticleViewModel.swift */; };
		12574C662B4B2432008AFFD7 /* SDWebImage in Frameworks */ = {isa = PBXBuildFile; productRef = 12574C652B4B2432008AFFD7 /* SDWebImage */; };
		1278D8832B417983009AF8DC /* SF Symbols.app in Resources */ = {isa = PBXBuildFile; fileRef = 1278D8822B417983009AF8DC /* SF Symbols.app */; };
		1278D8892B417C75009AF8DC /* ArticleVerticleSlider.swift in Sources */ = {isa = PBXBuildFile; fileRef = 1278D8882B417C75009AF8DC /* ArticleVerticleSlider.swift */; };
		1278D88C2B419325009AF8DC /* ArticleVerticleSliderCell.swift in Sources */ = {isa = PBXBuildFile; fileRef = 1278D88B2B419325009AF8DC /* ArticleVerticleSliderCell.swift */; };
		1278D88E2B419C1A009AF8DC /* HomeViewModel.swift in Sources */ = {isa = PBXBuildFile; fileRef = 1278D88D2B419C1A009AF8DC /* HomeViewModel.swift */; };
		1278D8902B41A72A009AF8DC /* Extension.swift in Sources */ = {isa = PBXBuildFile; fileRef = 1278D88F2B41A72A009AF8DC /* Extension.swift */; };
		12B152CC2B5D5A340027674D /* SkeletonView in Frameworks */ = {isa = PBXBuildFile; productRef = 12B152CB2B5D5A340027674D /* SkeletonView */; };
/* End PBXBuildFile section */

/* Begin PBXContainerItemProxy section */
		124DAF192B3857A800D688F5 /* PBXContainerItemProxy */ = {
			isa = PBXContainerItemProxy;
			containerPortal = 124DAEFA2B3857A500D688F5 /* Project object */;
			proxyType = 1;
			remoteGlobalIDString = 124DAF012B3857A500D688F5;
			remoteInfo = truth;
		};
		124DAF232B3857A800D688F5 /* PBXContainerItemProxy */ = {
			isa = PBXContainerItemProxy;
			containerPortal = 124DAEFA2B3857A500D688F5 /* Project object */;
			proxyType = 1;
			remoteGlobalIDString = 124DAF012B3857A500D688F5;
			remoteInfo = truth;
		};
/* End PBXContainerItemProxy section */

/* Begin PBXFileReference section */
		120E7E332B518BF000D35827 /* TruthLabel.swift */ = {isa = PBXFileReference; lastKnownFileType = sourcecode.swift; path = TruthLabel.swift; sourceTree = "<group>"; };
		120E7E352B51999500D35827 /* TruthButton.swift */ = {isa = PBXFileReference; lastKnownFileType = sourcecode.swift; path = TruthButton.swift; sourceTree = "<group>"; };
		120E7E392B51B01200D35827 /* InteractionsViewDelegate.swift */ = {isa = PBXFileReference; fileEncoding = 4; lastKnownFileType = sourcecode.swift; path = InteractionsViewDelegate.swift; sourceTree = "<group>"; };
		121864532B406B970085FB12 /* ArticleHorizontalSliderViewCell.swift */ = {isa = PBXFileReference; lastKnownFileType = sourcecode.swift; path = ArticleHorizontalSliderViewCell.swift; sourceTree = "<group>"; };
		121864562B40AFEB0085FB12 /* MenuHeader.swift */ = {isa = PBXFileReference; lastKnownFileType = sourcecode.swift; path = MenuHeader.swift; sourceTree = "<group>"; };
		122A4FED2B52F0D4001E1C8B /* TruthStackView.swift */ = {isa = PBXFileReference; lastKnownFileType = sourcecode.swift; path = TruthStackView.swift; sourceTree = "<group>"; };
		122A4FF22B5890A4001E1C8B /* TruthButtonTests.swift */ = {isa = PBXFileReference; lastKnownFileType = sourcecode.swift; path = TruthButtonTests.swift; sourceTree = "<group>"; };
		122A4FF42B589496001E1C8B /* TruthLabelTests.swift */ = {isa = PBXFileReference; lastKnownFileType = sourcecode.swift; path = TruthLabelTests.swift; sourceTree = "<group>"; };
		122A4FF62B5C0600001E1C8B /* TruthImageView.swift */ = {isa = PBXFileReference; lastKnownFileType = sourcecode.swift; path = TruthImageView.swift; sourceTree = "<group>"; };
		122A4FF82B5C1237001E1C8B /* TitleViewCell.swift */ = {isa = PBXFileReference; lastKnownFileType = sourcecode.swift; path = TitleViewCell.swift; sourceTree = "<group>"; };
		122A4FFA2B5C5877001E1C8B /* TruthImageView.swift */ = {isa = PBXFileReference; lastKnownFileType = sourcecode.swift; path = TruthImageView.swift; sourceTree = "<group>"; };
		122A4FFF2B5C5A2D001E1C8B /* HeaderViewCellTests.swift */ = {isa = PBXFileReference; lastKnownFileType = sourcecode.swift; path = HeaderViewCellTests.swift; sourceTree = "<group>"; };
		122A50012B5C73D9001E1C8B /* HomeViewControllerTests.swift */ = {isa = PBXFileReference; lastKnownFileType = sourcecode.swift; path = HomeViewControllerTests.swift; sourceTree = "<group>"; };
		124DAF022B3857A500D688F5 /* Truth.app */ = {isa = PBXFileReference; explicitFileType = wrapper.application; includeInIndex = 0; path = Truth.app; sourceTree = BUILT_PRODUCTS_DIR; };
		124DAF052B3857A500D688F5 /* AppDelegate.swift */ = {isa = PBXFileReference; lastKnownFileType = sourcecode.swift; path = AppDelegate.swift; sourceTree = "<group>"; };
		124DAF072B3857A500D688F5 /* SceneDelegate.swift */ = {isa = PBXFileReference; lastKnownFileType = sourcecode.swift; path = SceneDelegate.swift; sourceTree = "<group>"; };
		124DAF0C2B3857A500D688F5 /* Base */ = {isa = PBXFileReference; lastKnownFileType = file.storyboard; name = Base; path = Base.lproj/Main.storyboard; sourceTree = "<group>"; };
		124DAF0E2B3857A800D688F5 /* Assets.xcassets */ = {isa = PBXFileReference; lastKnownFileType = folder.assetcatalog; path = Assets.xcassets; sourceTree = "<group>"; };
		124DAF112B3857A800D688F5 /* Base */ = {isa = PBXFileReference; lastKnownFileType = file.storyboard; name = Base; path = Base.lproj/LaunchScreen.storyboard; sourceTree = "<group>"; };
		124DAF132B3857A800D688F5 /* Info.plist */ = {isa = PBXFileReference; lastKnownFileType = text.plist.xml; path = Info.plist; sourceTree = "<group>"; };
		124DAF182B3857A800D688F5 /* TruthTests.xctest */ = {isa = PBXFileReference; explicitFileType = wrapper.cfbundle; includeInIndex = 0; path = TruthTests.xctest; sourceTree = BUILT_PRODUCTS_DIR; };
		124DAF1C2B3857A800D688F5 /* TruthStackViewTests.swift */ = {isa = PBXFileReference; lastKnownFileType = sourcecode.swift; path = TruthStackViewTests.swift; sourceTree = "<group>"; };
		124DAF222B3857A800D688F5 /* TruthUITests.xctest */ = {isa = PBXFileReference; explicitFileType = wrapper.cfbundle; includeInIndex = 0; path = TruthUITests.xctest; sourceTree = BUILT_PRODUCTS_DIR; };
		124DAF262B3857A800D688F5 /* TruthUITests.swift */ = {isa = PBXFileReference; lastKnownFileType = sourcecode.swift; path = TruthUITests.swift; sourceTree = "<group>"; };
		124DAF282B3857A800D688F5 /* TruthUITestsLaunchTests.swift */ = {isa = PBXFileReference; lastKnownFileType = sourcecode.swift; path = TruthUITestsLaunchTests.swift; sourceTree = "<group>"; };
		124DAF362B3857CA00D688F5 /* InteractionsView.swift */ = {isa = PBXFileReference; fileEncoding = 4; lastKnownFileType = sourcecode.swift; path = InteractionsView.swift; sourceTree = "<group>"; };
		124DAF372B3857CA00D688F5 /* AuthorDetails.swift */ = {isa = PBXFileReference; fileEncoding = 4; lastKnownFileType = sourcecode.swift; path = AuthorDetails.swift; sourceTree = "<group>"; };
		124DAF392B3857CA00D688F5 /* ArticleHorizontalSlider.swift */ = {isa = PBXFileReference; fileEncoding = 4; lastKnownFileType = sourcecode.swift; path = ArticleHorizontalSlider.swift; sourceTree = "<group>"; };
		124DAF3E2B3857D800D688F5 /* HomeViewController.swift */ = {isa = PBXFileReference; fileEncoding = 4; lastKnownFileType = sourcecode.swift; path = HomeViewController.swift; sourceTree = "<group>"; };
		124DAF522B3857D900D688F5 /* Source.swift */ = {isa = PBXFileReference; fileEncoding = 4; lastKnownFileType = sourcecode.swift; path = Source.swift; sourceTree = "<group>"; };
		124DAF542B3857D900D688F5 /* News.swift */ = {isa = PBXFileReference; fileEncoding = 4; lastKnownFileType = sourcecode.swift; path = News.swift; sourceTree = "<group>"; };
		124DAF552B3857D900D688F5 /* Article.swift */ = {isa = PBXFileReference; fileEncoding = 4; lastKnownFileType = sourcecode.swift; path = Article.swift; sourceTree = "<group>"; };
		124DAF9B2B3858D100D688F5 /* Network.swift */ = {isa = PBXFileReference; fileEncoding = 4; lastKnownFileType = sourcecode.swift; path = Network.swift; sourceTree = "<group>"; };
		124DAFB62B38755000D688F5 /* ArticleSource.swift */ = {isa = PBXFileReference; lastKnownFileType = sourcecode.swift; path = ArticleSource.swift; sourceTree = "<group>"; };
		12574C582B4ACEBE008AFFD7 /* HeaderView.swift */ = {isa = PBXFileReference; lastKnownFileType = sourcecode.swift; path = HeaderView.swift; sourceTree = "<group>"; };
		12574C5C2B4AD81E008AFFD7 /* NewsArticleViewController.swift */ = {isa = PBXFileReference; lastKnownFileType = sourcecode.swift; path = NewsArticleViewController.swift; sourceTree = "<group>"; };
		12574C5E2B4AE510008AFFD7 /* NewsTypeViewCell.swift */ = {isa = PBXFileReference; lastKnownFileType = sourcecode.swift; path = NewsTypeViewCell.swift; sourceTree = "<group>"; };
		12574C602B4AEAF3008AFFD7 /* NewsArticleViewModel.swift */ = {isa = PBXFileReference; lastKnownFileType = sourcecode.swift; path = NewsArticleViewModel.swift; sourceTree = "<group>"; };
		1278D8822B417983009AF8DC /* SF Symbols.app */ = {isa = PBXFileReference; lastKnownFileType = wrapper.application; path = "SF Symbols.app"; sourceTree = "<group>"; };
		1278D8882B417C75009AF8DC /* ArticleVerticleSlider.swift */ = {isa = PBXFileReference; lastKnownFileType = sourcecode.swift; path = ArticleVerticleSlider.swift; sourceTree = "<group>"; };
		1278D88B2B419325009AF8DC /* ArticleVerticleSliderCell.swift */ = {isa = PBXFileReference; lastKnownFileType = sourcecode.swift; path = ArticleVerticleSliderCell.swift; sourceTree = "<group>"; };
		1278D88D2B419C1A009AF8DC /* HomeViewModel.swift */ = {isa = PBXFileReference; lastKnownFileType = sourcecode.swift; path = HomeViewModel.swift; sourceTree = "<group>"; };
		1278D88F2B41A72A009AF8DC /* Extension.swift */ = {isa = PBXFileReference; lastKnownFileType = sourcecode.swift; path = Extension.swift; sourceTree = "<group>"; };
/* End PBXFileReference section */

/* Begin PBXFrameworksBuildPhase section */
		124DAEFF2B3857A500D688F5 /* Frameworks */ = {
			isa = PBXFrameworksBuildPhase;
			buildActionMask = 2147483647;
			files = (
				12574C662B4B2432008AFFD7 /* SDWebImage in Frameworks */,
				12B152CC2B5D5A340027674D /* SkeletonView in Frameworks */,
				124DAFA02B385BC200D688F5 /* CenteredCollectionView in Frameworks */,
			);
			runOnlyForDeploymentPostprocessing = 0;
		};
		124DAF152B3857A800D688F5 /* Frameworks */ = {
			isa = PBXFrameworksBuildPhase;
			buildActionMask = 2147483647;
			files = (
			);
			runOnlyForDeploymentPostprocessing = 0;
		};
		124DAF1F2B3857A800D688F5 /* Frameworks */ = {
			isa = PBXFrameworksBuildPhase;
			buildActionMask = 2147483647;
			files = (
			);
			runOnlyForDeploymentPostprocessing = 0;
		};
/* End PBXFrameworksBuildPhase section */

/* Begin PBXGroup section */
		120E7E322B518BCB00D35827 /* BaseViews */ = {
			isa = PBXGroup;
			children = (
				120E7E332B518BF000D35827 /* TruthLabel.swift */,
				122A4FED2B52F0D4001E1C8B /* TruthStackView.swift */,
				122A4FF62B5C0600001E1C8B /* TruthImageView.swift */,
				120E7E352B51999500D35827 /* TruthButton.swift */,
			);
			path = BaseViews;
			sourceTree = "<group>";
		};
		120E7E382B51B01200D35827 /* Delegate */ = {
			isa = PBXGroup;
			children = (
				120E7E392B51B01200D35827 /* InteractionsViewDelegate.swift */,
			);
			path = Delegate;
			sourceTree = "<group>";
		};
		1218644D2B4041E90085FB12 /* ArticleHorizontalSlider */ = {
			isa = PBXGroup;
			children = (
				121864522B406B630085FB12 /* Cell */,
				124DAF392B3857CA00D688F5 /* ArticleHorizontalSlider.swift */,
			);
			path = ArticleHorizontalSlider;
			sourceTree = "<group>";
		};
		121864522B406B630085FB12 /* Cell */ = {
			isa = PBXGroup;
			children = (
				121864532B406B970085FB12 /* ArticleHorizontalSliderViewCell.swift */,
			);
			path = Cell;
			sourceTree = "<group>";
		};
		121864552B40AFCB0085FB12 /* MainHeader */ = {
			isa = PBXGroup;
			children = (
				121864562B40AFEB0085FB12 /* MenuHeader.swift */,
			);
			path = MainHeader;
			sourceTree = "<group>";
		};
		122A4FFC2B5C59DB001E1C8B /* BaseViews */ = {
			isa = PBXGroup;
			children = (
				122A4FFA2B5C5877001E1C8B /* TruthImageView.swift */,
				124DAF1C2B3857A800D688F5 /* TruthStackViewTests.swift */,
				122A4FF22B5890A4001E1C8B /* TruthButtonTests.swift */,
				122A4FF42B589496001E1C8B /* TruthLabelTests.swift */,
			);
			name = BaseViews;
			sourceTree = "<group>";
		};
		122A4FFD2B5C59F3001E1C8B /* Home */ = {
			isa = PBXGroup;
			children = (
				122A4FFE2B5C5A00001E1C8B /* Views */,
				122A50012B5C73D9001E1C8B /* HomeViewControllerTests.swift */,
			);
			path = Home;
			sourceTree = "<group>";
		};
		122A4FFE2B5C5A00001E1C8B /* Views */ = {
			isa = PBXGroup;
			children = (
				122A4FFF2B5C5A2D001E1C8B /* HeaderViewCellTests.swift */,
			);
			name = Views;
			sourceTree = "<group>";
		};
		124DAEF92B3857A500D688F5 = {
			isa = PBXGroup;
			children = (
				124DAF042B3857A500D688F5 /* Truth */,
				124DAF1B2B3857A800D688F5 /* TruthTests */,
				124DAF252B3857A800D688F5 /* TruthUITests */,
				124DAF032B3857A500D688F5 /* Products */,
			);
			sourceTree = "<group>";
		};
		124DAF032B3857A500D688F5 /* Products */ = {
			isa = PBXGroup;
			children = (
				124DAF022B3857A500D688F5 /* Truth.app */,
				124DAF182B3857A800D688F5 /* TruthTests.xctest */,
				124DAF222B3857A800D688F5 /* TruthUITests.xctest */,
			);
			name = Products;
			sourceTree = "<group>";
		};
		124DAF042B3857A500D688F5 /* Truth */ = {
			isa = PBXGroup;
			children = (
				124DAF052B3857A500D688F5 /* AppDelegate.swift */,
				124DAF072B3857A500D688F5 /* SceneDelegate.swift */,
				1278D8842B417A0E009AF8DC /* Screens */,
				124DAF352B3857CA00D688F5 /* Views */,
				124DAF9A2B3858AF00D688F5 /* Models */,
				124DAF9D2B38591200D688F5 /* Managers */,
				1278D88F2B41A72A009AF8DC /* Extension.swift */,
				124DAF0B2B3857A500D688F5 /* Main.storyboard */,
				124DAF0E2B3857A800D688F5 /* Assets.xcassets */,
				124DAF102B3857A800D688F5 /* LaunchScreen.storyboard */,
				1278D8822B417983009AF8DC /* SF Symbols.app */,
				124DAF132B3857A800D688F5 /* Info.plist */,
			);
			path = Truth;
			sourceTree = "<group>";
		};
		124DAF1B2B3857A800D688F5 /* TruthTests */ = {
			isa = PBXGroup;
			children = (
				122A4FFD2B5C59F3001E1C8B /* Home */,
				122A4FFC2B5C59DB001E1C8B /* BaseViews */,
			);
			path = TruthTests;
			sourceTree = "<group>";
		};
		124DAF252B3857A800D688F5 /* TruthUITests */ = {
			isa = PBXGroup;
			children = (
				124DAF262B3857A800D688F5 /* TruthUITests.swift */,
				124DAF282B3857A800D688F5 /* TruthUITestsLaunchTests.swift */,
			);
			path = TruthUITests;
			sourceTree = "<group>";
		};
		124DAF352B3857CA00D688F5 /* Views */ = {
			isa = PBXGroup;
			children = (
				120E7E322B518BCB00D35827 /* BaseViews */,
				1278D8872B417C1C009AF8DC /* ArticleVerticleSlider */,
				121864552B40AFCB0085FB12 /* MainHeader */,
				124DAFB52B3874DC00D688F5 /* ArticleSource */,
				124DAFB12B38636900D688F5 /* InteractionView */,
				124DAFB22B3865F000D688F5 /* ArthorDetails */,
				1218644D2B4041E90085FB12 /* ArticleHorizontalSlider */,
			);
			path = Views;
			sourceTree = "<group>";
		};
		124DAF512B3857D900D688F5 /* Network */ = {
			isa = PBXGroup;
			children = (
				124DAF9B2B3858D100D688F5 /* Network.swift */,
			);
			path = Network;
			sourceTree = "<group>";
		};
		124DAF9A2B3858AF00D688F5 /* Models */ = {
			isa = PBXGroup;
			children = (
				124DAF522B3857D900D688F5 /* Source.swift */,
				124DAF542B3857D900D688F5 /* News.swift */,
				124DAF552B3857D900D688F5 /* Article.swift */,
			);
			path = Models;
			sourceTree = "<group>";
		};
		124DAF9D2B38591200D688F5 /* Managers */ = {
			isa = PBXGroup;
			children = (
				124DAF512B3857D900D688F5 /* Network */,
			);
			path = Managers;
			sourceTree = "<group>";
		};
		124DAFB12B38636900D688F5 /* InteractionView */ = {
			isa = PBXGroup;
			children = (
				120E7E382B51B01200D35827 /* Delegate */,
				124DAF362B3857CA00D688F5 /* InteractionsView.swift */,
			);
			path = InteractionView;
			sourceTree = "<group>";
		};
		124DAFB22B3865F000D688F5 /* ArthorDetails */ = {
			isa = PBXGroup;
			children = (
				124DAF372B3857CA00D688F5 /* AuthorDetails.swift */,
			);
			path = ArthorDetails;
			sourceTree = "<group>";
		};
		124DAFB52B3874DC00D688F5 /* ArticleSource */ = {
			isa = PBXGroup;
			children = (
				124DAFB62B38755000D688F5 /* ArticleSource.swift */,
			);
			path = ArticleSource;
			sourceTree = "<group>";
		};
		12574C5A2B4AD784008AFFD7 /* Home */ = {
			isa = PBXGroup;
			children = (
				1278D8862B417A25009AF8DC /* Views */,
				124DAF3E2B3857D800D688F5 /* HomeViewController.swift */,
				1278D88D2B419C1A009AF8DC /* HomeViewModel.swift */,
			);
			path = Home;
			sourceTree = "<group>";
		};
		12574C5B2B4AD7AB008AFFD7 /* NewsArticle */ = {
			isa = PBXGroup;
			children = (
				12574C5C2B4AD81E008AFFD7 /* NewsArticleViewController.swift */,
				12574C602B4AEAF3008AFFD7 /* NewsArticleViewModel.swift */,
			);
			path = NewsArticle;
			sourceTree = "<group>";
		};
		1278D8842B417A0E009AF8DC /* Screens */ = {
			isa = PBXGroup;
			children = (
				12574C5B2B4AD7AB008AFFD7 /* NewsArticle */,
				12574C5A2B4AD784008AFFD7 /* Home */,
			);
			path = Screens;
			sourceTree = "<group>";
		};
		1278D8862B417A25009AF8DC /* Views */ = {
			isa = PBXGroup;
			children = (
				12BF94582B44B75F00380BEE /* Cell */,
				12574C582B4ACEBE008AFFD7 /* HeaderView.swift */,
			);
			path = Views;
			sourceTree = "<group>";
		};
		1278D8872B417C1C009AF8DC /* ArticleVerticleSlider */ = {
			isa = PBXGroup;
			children = (
				1278D88A2B419310009AF8DC /* Cell */,
				1278D8882B417C75009AF8DC /* ArticleVerticleSlider.swift */,
			);
			name = ArticleVerticleSlider;
			sourceTree = "<group>";
		};
		1278D88A2B419310009AF8DC /* Cell */ = {
			isa = PBXGroup;
			children = (
				1278D88B2B419325009AF8DC /* ArticleVerticleSliderCell.swift */,
			);
			path = Cell;
			sourceTree = "<group>";
		};
		12BF94582B44B75F00380BEE /* Cell */ = {
			isa = PBXGroup;
			children = (
				12574C5E2B4AE510008AFFD7 /* NewsTypeViewCell.swift */,
				122A4FF82B5C1237001E1C8B /* TitleViewCell.swift */,
			);
			name = Cell;
			path = ..;
			sourceTree = "<group>";
		};
/* End PBXGroup section */

/* Begin PBXNativeTarget section */
		124DAF012B3857A500D688F5 /* Truth */ = {
			isa = PBXNativeTarget;
			buildConfigurationList = 124DAF2C2B3857A800D688F5 /* Build configuration list for PBXNativeTarget "Truth" */;
			buildPhases = (
				124DAEFE2B3857A500D688F5 /* Sources */,
				124DAEFF2B3857A500D688F5 /* Frameworks */,
				124DAF002B3857A500D688F5 /* Resources */,
			);
			buildRules = (
			);
			dependencies = (
			);
			name = Truth;
			packageProductDependencies = (
				124DAF9F2B385BC200D688F5 /* CenteredCollectionView */,
				12574C652B4B2432008AFFD7 /* SDWebImage */,
				12B152CB2B5D5A340027674D /* SkeletonView */,
			);
			productName = truth;
			productReference = 124DAF022B3857A500D688F5 /* Truth.app */;
			productType = "com.apple.product-type.application";
		};
		124DAF172B3857A800D688F5 /* TruthTests */ = {
			isa = PBXNativeTarget;
			buildConfigurationList = 124DAF2F2B3857A800D688F5 /* Build configuration list for PBXNativeTarget "TruthTests" */;
			buildPhases = (
				124DAF142B3857A800D688F5 /* Sources */,
				124DAF152B3857A800D688F5 /* Frameworks */,
				124DAF162B3857A800D688F5 /* Resources */,
			);
			buildRules = (
			);
			dependencies = (
				124DAF1A2B3857A800D688F5 /* PBXTargetDependency */,
			);
			name = TruthTests;
			productName = truthTests;
			productReference = 124DAF182B3857A800D688F5 /* TruthTests.xctest */;
			productType = "com.apple.product-type.bundle.unit-test";
		};
		124DAF212B3857A800D688F5 /* TruthUITests */ = {
			isa = PBXNativeTarget;
			buildConfigurationList = 124DAF322B3857A800D688F5 /* Build configuration list for PBXNativeTarget "TruthUITests" */;
			buildPhases = (
				124DAF1E2B3857A800D688F5 /* Sources */,
				124DAF1F2B3857A800D688F5 /* Frameworks */,
				124DAF202B3857A800D688F5 /* Resources */,
			);
			buildRules = (
			);
			dependencies = (
				124DAF242B3857A800D688F5 /* PBXTargetDependency */,
			);
			name = TruthUITests;
			productName = truthUITests;
			productReference = 124DAF222B3857A800D688F5 /* TruthUITests.xctest */;
			productType = "com.apple.product-type.bundle.ui-testing";
		};
/* End PBXNativeTarget section */

/* Begin PBXProject section */
		124DAEFA2B3857A500D688F5 /* Project object */ = {
			isa = PBXProject;
			attributes = {
				BuildIndependentTargetsInParallel = 1;
				LastSwiftUpdateCheck = 1500;
				LastUpgradeCheck = 1500;
				TargetAttributes = {
					124DAF012B3857A500D688F5 = {
						CreatedOnToolsVersion = 15.0.1;
					};
					124DAF172B3857A800D688F5 = {
						CreatedOnToolsVersion = 15.0.1;
						TestTargetID = 124DAF012B3857A500D688F5;
					};
					124DAF212B3857A800D688F5 = {
						CreatedOnToolsVersion = 15.0.1;
						TestTargetID = 124DAF012B3857A500D688F5;
					};
				};
			};
			buildConfigurationList = 124DAEFD2B3857A500D688F5 /* Build configuration list for PBXProject "Truth" */;
			compatibilityVersion = "Xcode 14.0";
			developmentRegion = en;
			hasScannedForEncodings = 0;
			knownRegions = (
				en,
				Base,
			);
			mainGroup = 124DAEF92B3857A500D688F5;
			packageReferences = (
				124DAF9E2B385BC200D688F5 /* XCRemoteSwiftPackageReference "CenteredCollectionView" */,
				12574C642B4B2432008AFFD7 /* XCRemoteSwiftPackageReference "SDWebImage" */,
				12B152CA2B5D5A340027674D /* XCRemoteSwiftPackageReference "SkeletonView" */,
			);
			productRefGroup = 124DAF032B3857A500D688F5 /* Products */;
			projectDirPath = "";
			projectRoot = "";
			targets = (
				124DAF012B3857A500D688F5 /* Truth */,
				124DAF172B3857A800D688F5 /* TruthTests */,
				124DAF212B3857A800D688F5 /* TruthUITests */,
			);
		};
/* End PBXProject section */

/* Begin PBXResourcesBuildPhase section */
		124DAF002B3857A500D688F5 /* Resources */ = {
			isa = PBXResourcesBuildPhase;
			buildActionMask = 2147483647;
			files = (
				124DAF122B3857A800D688F5 /* LaunchScreen.storyboard in Resources */,
				124DAF0F2B3857A800D688F5 /* Assets.xcassets in Resources */,
				124DAF0D2B3857A500D688F5 /* Main.storyboard in Resources */,
				1278D8832B417983009AF8DC /* SF Symbols.app in Resources */,
			);
			runOnlyForDeploymentPostprocessing = 0;
		};
		124DAF162B3857A800D688F5 /* Resources */ = {
			isa = PBXResourcesBuildPhase;
			buildActionMask = 2147483647;
			files = (
			);
			runOnlyForDeploymentPostprocessing = 0;
		};
		124DAF202B3857A800D688F5 /* Resources */ = {
			isa = PBXResourcesBuildPhase;
			buildActionMask = 2147483647;
			files = (
			);
			runOnlyForDeploymentPostprocessing = 0;
		};
/* End PBXResourcesBuildPhase section */

/* Begin PBXSourcesBuildPhase section */
		124DAEFE2B3857A500D688F5 /* Sources */ = {
			isa = PBXSourcesBuildPhase;
			buildActionMask = 2147483647;
			files = (
				1278D88E2B419C1A009AF8DC /* HomeViewModel.swift in Sources */,
				124DAF3C2B3857CA00D688F5 /* ArticleHorizontalSlider.swift in Sources */,
				120E7E3A2B51B01200D35827 /* InteractionsViewDelegate.swift in Sources */,
				124DAF662B3857D900D688F5 /* News.swift in Sources */,
				1278D8902B41A72A009AF8DC /* Extension.swift in Sources */,
				122A4FEE2B52F0D4001E1C8B /* TruthStackView.swift in Sources */,
				124DAF062B3857A500D688F5 /* AppDelegate.swift in Sources */,
				12574C5D2B4AD81E008AFFD7 /* NewsArticleViewController.swift in Sources */,
				121864572B40AFEB0085FB12 /* MenuHeader.swift in Sources */,
				124DAF642B3857D900D688F5 /* Source.swift in Sources */,
				124DAF082B3857A500D688F5 /* SceneDelegate.swift in Sources */,
				124DAF9C2B3858D100D688F5 /* Network.swift in Sources */,
				120E7E342B518BF000D35827 /* TruthLabel.swift in Sources */,
				12574C612B4AEAF3008AFFD7 /* NewsArticleViewModel.swift in Sources */,
				122A4FF72B5C0601001E1C8B /* TruthImageView.swift in Sources */,
				124DAF562B3857D900D688F5 /* HomeViewController.swift in Sources */,
				121864542B406B970085FB12 /* ArticleHorizontalSliderViewCell.swift in Sources */,
				124DAFB72B38755000D688F5 /* ArticleSource.swift in Sources */,
				1278D88C2B419325009AF8DC /* ArticleVerticleSliderCell.swift in Sources */,
				12574C592B4ACEBE008AFFD7 /* HeaderView.swift in Sources */,
				124DAF3B2B3857CA00D688F5 /* AuthorDetails.swift in Sources */,
				124DAF672B3857D900D688F5 /* Article.swift in Sources */,
				122A4FF92B5C1237001E1C8B /* TitleViewCell.swift in Sources */,
				1278D8892B417C75009AF8DC /* ArticleVerticleSlider.swift in Sources */,
				12574C5F2B4AE510008AFFD7 /* NewsTypeViewCell.swift in Sources */,
				120E7E362B51999600D35827 /* TruthButton.swift in Sources */,
				124DAF3A2B3857CA00D688F5 /* InteractionsView.swift in Sources */,
			);
			runOnlyForDeploymentPostprocessing = 0;
		};
		124DAF142B3857A800D688F5 /* Sources */ = {
			isa = PBXSourcesBuildPhase;
			buildActionMask = 2147483647;
			files = (
				122A4FFB2B5C5877001E1C8B /* TruthImageView.swift in Sources */,
				122A50022B5C73D9001E1C8B /* HomeViewControllerTests.swift in Sources */,
				124DAF1D2B3857A800D688F5 /* TruthStackViewTests.swift in Sources */,
				122A50002B5C5A2D001E1C8B /* HeaderViewCellTests.swift in Sources */,
				122A4FF52B589496001E1C8B /* TruthLabelTests.swift in Sources */,
				122A4FF32B5890A4001E1C8B /* TruthButtonTests.swift in Sources */,
			);
			runOnlyForDeploymentPostprocessing = 0;
		};
		124DAF1E2B3857A800D688F5 /* Sources */ = {
			isa = PBXSourcesBuildPhase;
			buildActionMask = 2147483647;
			files = (
				124DAF292B3857A800D688F5 /* TruthUITestsLaunchTests.swift in Sources */,
				124DAF272B3857A800D688F5 /* TruthUITests.swift in Sources */,
			);
			runOnlyForDeploymentPostprocessing = 0;
		};
/* End PBXSourcesBuildPhase section */

/* Begin PBXTargetDependency section */
		124DAF1A2B3857A800D688F5 /* PBXTargetDependency */ = {
			isa = PBXTargetDependency;
			target = 124DAF012B3857A500D688F5 /* Truth */;
			targetProxy = 124DAF192B3857A800D688F5 /* PBXContainerItemProxy */;
		};
		124DAF242B3857A800D688F5 /* PBXTargetDependency */ = {
			isa = PBXTargetDependency;
			target = 124DAF012B3857A500D688F5 /* Truth */;
			targetProxy = 124DAF232B3857A800D688F5 /* PBXContainerItemProxy */;
		};
/* End PBXTargetDependency section */

/* Begin PBXVariantGroup section */
		124DAF0B2B3857A500D688F5 /* Main.storyboard */ = {
			isa = PBXVariantGroup;
			children = (
				124DAF0C2B3857A500D688F5 /* Base */,
			);
			name = Main.storyboard;
			sourceTree = "<group>";
		};
		124DAF102B3857A800D688F5 /* LaunchScreen.storyboard */ = {
			isa = PBXVariantGroup;
			children = (
				124DAF112B3857A800D688F5 /* Base */,
			);
			name = LaunchScreen.storyboard;
			sourceTree = "<group>";
		};
/* End PBXVariantGroup section */

/* Begin XCBuildConfiguration section */
		124DAF2A2B3857A800D688F5 /* Debug */ = {
			isa = XCBuildConfiguration;
			buildSettings = {
				ALWAYS_SEARCH_USER_PATHS = NO;
				ASSETCATALOG_COMPILER_GENERATE_SWIFT_ASSET_SYMBOL_EXTENSIONS = YES;
				CLANG_ANALYZER_NONNULL = YES;
				CLANG_ANALYZER_NUMBER_OBJECT_CONVERSION = YES_AGGRESSIVE;
				CLANG_CXX_LANGUAGE_STANDARD = "gnu++20";
				CLANG_ENABLE_MODULES = YES;
				CLANG_ENABLE_OBJC_ARC = YES;
				CLANG_ENABLE_OBJC_WEAK = YES;
				CLANG_WARN_BLOCK_CAPTURE_AUTORELEASING = YES;
				CLANG_WARN_BOOL_CONVERSION = YES;
				CLANG_WARN_COMMA = YES;
				CLANG_WARN_CONSTANT_CONVERSION = YES;
				CLANG_WARN_DEPRECATED_OBJC_IMPLEMENTATIONS = YES;
				CLANG_WARN_DIRECT_OBJC_ISA_USAGE = YES_ERROR;
				CLANG_WARN_DOCUMENTATION_COMMENTS = YES;
				CLANG_WARN_EMPTY_BODY = YES;
				CLANG_WARN_ENUM_CONVERSION = YES;
				CLANG_WARN_INFINITE_RECURSION = YES;
				CLANG_WARN_INT_CONVERSION = YES;
				CLANG_WARN_NON_LITERAL_NULL_CONVERSION = YES;
				CLANG_WARN_OBJC_IMPLICIT_RETAIN_SELF = YES;
				CLANG_WARN_OBJC_LITERAL_CONVERSION = YES;
				CLANG_WARN_OBJC_ROOT_CLASS = YES_ERROR;
				CLANG_WARN_QUOTED_INCLUDE_IN_FRAMEWORK_HEADER = YES;
				CLANG_WARN_RANGE_LOOP_ANALYSIS = YES;
				CLANG_WARN_STRICT_PROTOTYPES = YES;
				CLANG_WARN_SUSPICIOUS_MOVE = YES;
				CLANG_WARN_UNGUARDED_AVAILABILITY = YES_AGGRESSIVE;
				CLANG_WARN_UNREACHABLE_CODE = YES;
				CLANG_WARN__DUPLICATE_METHOD_MATCH = YES;
				COPY_PHASE_STRIP = NO;
				DEBUG_INFORMATION_FORMAT = dwarf;
				ENABLE_STRICT_OBJC_MSGSEND = YES;
				ENABLE_TESTABILITY = YES;
				ENABLE_USER_SCRIPT_SANDBOXING = YES;
				GCC_C_LANGUAGE_STANDARD = gnu17;
				GCC_DYNAMIC_NO_PIC = NO;
				GCC_NO_COMMON_BLOCKS = YES;
				GCC_OPTIMIZATION_LEVEL = 0;
				GCC_PREPROCESSOR_DEFINITIONS = (
					"DEBUG=1",
					"$(inherited)",
				);
				GCC_WARN_64_TO_32_BIT_CONVERSION = YES;
				GCC_WARN_ABOUT_RETURN_TYPE = YES_ERROR;
				GCC_WARN_UNDECLARED_SELECTOR = YES;
				GCC_WARN_UNINITIALIZED_AUTOS = YES_AGGRESSIVE;
				GCC_WARN_UNUSED_FUNCTION = YES;
				GCC_WARN_UNUSED_VARIABLE = YES;
				IPHONEOS_DEPLOYMENT_TARGET = 17.0;
				LOCALIZATION_PREFERS_STRING_CATALOGS = YES;
				MTL_ENABLE_DEBUG_INFO = INCLUDE_SOURCE;
				MTL_FAST_MATH = YES;
				ONLY_ACTIVE_ARCH = YES;
				SDKROOT = iphoneos;
				SWIFT_ACTIVE_COMPILATION_CONDITIONS = "DEBUG $(inherited)";
				SWIFT_OPTIMIZATION_LEVEL = "-Onone";
			};
			name = Debug;
		};
		124DAF2B2B3857A800D688F5 /* Release */ = {
			isa = XCBuildConfiguration;
			buildSettings = {
				ALWAYS_SEARCH_USER_PATHS = NO;
				ASSETCATALOG_COMPILER_GENERATE_SWIFT_ASSET_SYMBOL_EXTENSIONS = YES;
				CLANG_ANALYZER_NONNULL = YES;
				CLANG_ANALYZER_NUMBER_OBJECT_CONVERSION = YES_AGGRESSIVE;
				CLANG_CXX_LANGUAGE_STANDARD = "gnu++20";
				CLANG_ENABLE_MODULES = YES;
				CLANG_ENABLE_OBJC_ARC = YES;
				CLANG_ENABLE_OBJC_WEAK = YES;
				CLANG_WARN_BLOCK_CAPTURE_AUTORELEASING = YES;
				CLANG_WARN_BOOL_CONVERSION = YES;
				CLANG_WARN_COMMA = YES;
				CLANG_WARN_CONSTANT_CONVERSION = YES;
				CLANG_WARN_DEPRECATED_OBJC_IMPLEMENTATIONS = YES;
				CLANG_WARN_DIRECT_OBJC_ISA_USAGE = YES_ERROR;
				CLANG_WARN_DOCUMENTATION_COMMENTS = YES;
				CLANG_WARN_EMPTY_BODY = YES;
				CLANG_WARN_ENUM_CONVERSION = YES;
				CLANG_WARN_INFINITE_RECURSION = YES;
				CLANG_WARN_INT_CONVERSION = YES;
				CLANG_WARN_NON_LITERAL_NULL_CONVERSION = YES;
				CLANG_WARN_OBJC_IMPLICIT_RETAIN_SELF = YES;
				CLANG_WARN_OBJC_LITERAL_CONVERSION = YES;
				CLANG_WARN_OBJC_ROOT_CLASS = YES_ERROR;
				CLANG_WARN_QUOTED_INCLUDE_IN_FRAMEWORK_HEADER = YES;
				CLANG_WARN_RANGE_LOOP_ANALYSIS = YES;
				CLANG_WARN_STRICT_PROTOTYPES = YES;
				CLANG_WARN_SUSPICIOUS_MOVE = YES;
				CLANG_WARN_UNGUARDED_AVAILABILITY = YES_AGGRESSIVE;
				CLANG_WARN_UNREACHABLE_CODE = YES;
				CLANG_WARN__DUPLICATE_METHOD_MATCH = YES;
				COPY_PHASE_STRIP = NO;
				DEBUG_INFORMATION_FORMAT = "dwarf-with-dsym";
				ENABLE_NS_ASSERTIONS = NO;
				ENABLE_STRICT_OBJC_MSGSEND = YES;
				ENABLE_USER_SCRIPT_SANDBOXING = YES;
				GCC_C_LANGUAGE_STANDARD = gnu17;
				GCC_NO_COMMON_BLOCKS = YES;
				GCC_WARN_64_TO_32_BIT_CONVERSION = YES;
				GCC_WARN_ABOUT_RETURN_TYPE = YES_ERROR;
				GCC_WARN_UNDECLARED_SELECTOR = YES;
				GCC_WARN_UNINITIALIZED_AUTOS = YES_AGGRESSIVE;
				GCC_WARN_UNUSED_FUNCTION = YES;
				GCC_WARN_UNUSED_VARIABLE = YES;
				IPHONEOS_DEPLOYMENT_TARGET = 17.0;
				LOCALIZATION_PREFERS_STRING_CATALOGS = YES;
				MTL_ENABLE_DEBUG_INFO = NO;
				MTL_FAST_MATH = YES;
				SDKROOT = iphoneos;
				SWIFT_COMPILATION_MODE = wholemodule;
				VALIDATE_PRODUCT = YES;
			};
			name = Release;
		};
		124DAF2D2B3857A800D688F5 /* Debug */ = {
			isa = XCBuildConfiguration;
			buildSettings = {
				ASSETCATALOG_COMPILER_APPICON_NAME = AppIcon;
				ASSETCATALOG_COMPILER_GLOBAL_ACCENT_COLOR_NAME = AccentColor;
				CODE_SIGN_STYLE = Automatic;
				CURRENT_PROJECT_VERSION = 1;
				DEVELOPMENT_TEAM = MXT7A7R2KH;
				GENERATE_INFOPLIST_FILE = YES;
				INFOPLIST_FILE = truth/Info.plist;
				INFOPLIST_KEY_UIApplicationSupportsIndirectInputEvents = YES;
				INFOPLIST_KEY_UILaunchStoryboardName = LaunchScreen;
				INFOPLIST_KEY_UIMainStoryboardFile = Main;
				INFOPLIST_KEY_UISupportedInterfaceOrientations_iPad = "UIInterfaceOrientationPortrait UIInterfaceOrientationPortraitUpsideDown UIInterfaceOrientationLandscapeLeft UIInterfaceOrientationLandscapeRight";
				INFOPLIST_KEY_UISupportedInterfaceOrientations_iPhone = "UIInterfaceOrientationPortrait UIInterfaceOrientationLandscapeLeft UIInterfaceOrientationLandscapeRight";
				LD_RUNPATH_SEARCH_PATHS = (
					"$(inherited)",
					"@executable_path/Frameworks",
				);
				MARKETING_VERSION = 1.0;
				PRODUCT_BUNDLE_IDENTIFIER = melvinasare.truth;
				PRODUCT_NAME = "$(TARGET_NAME)";
				SWIFT_EMIT_LOC_STRINGS = YES;
				SWIFT_VERSION = 5.0;
				TARGETED_DEVICE_FAMILY = "1,2";
			};
			name = Debug;
		};
		124DAF2E2B3857A800D688F5 /* Release */ = {
			isa = XCBuildConfiguration;
			buildSettings = {
				ASSETCATALOG_COMPILER_APPICON_NAME = AppIcon;
				ASSETCATALOG_COMPILER_GLOBAL_ACCENT_COLOR_NAME = AccentColor;
				CODE_SIGN_STYLE = Automatic;
				CURRENT_PROJECT_VERSION = 1;
				DEVELOPMENT_TEAM = MXT7A7R2KH;
				GENERATE_INFOPLIST_FILE = YES;
				INFOPLIST_FILE = truth/Info.plist;
				INFOPLIST_KEY_UIApplicationSupportsIndirectInputEvents = YES;
				INFOPLIST_KEY_UILaunchStoryboardName = LaunchScreen;
				INFOPLIST_KEY_UIMainStoryboardFile = Main;
				INFOPLIST_KEY_UISupportedInterfaceOrientations_iPad = "UIInterfaceOrientationPortrait UIInterfaceOrientationPortraitUpsideDown UIInterfaceOrientationLandscapeLeft UIInterfaceOrientationLandscapeRight";
				INFOPLIST_KEY_UISupportedInterfaceOrientations_iPhone = "UIInterfaceOrientationPortrait UIInterfaceOrientationLandscapeLeft UIInterfaceOrientationLandscapeRight";
				LD_RUNPATH_SEARCH_PATHS = (
					"$(inherited)",
					"@executable_path/Frameworks",
				);
				MARKETING_VERSION = 1.0;
				PRODUCT_BUNDLE_IDENTIFIER = melvinasare.truth;
				PRODUCT_NAME = "$(TARGET_NAME)";
				SWIFT_EMIT_LOC_STRINGS = YES;
				SWIFT_VERSION = 5.0;
				TARGETED_DEVICE_FAMILY = "1,2";
			};
			name = Release;
		};
		124DAF302B3857A800D688F5 /* Debug */ = {
			isa = XCBuildConfiguration;
			buildSettings = {
				ALWAYS_EMBED_SWIFT_STANDARD_LIBRARIES = YES;
				BUNDLE_LOADER = "$(TEST_HOST)";
				CODE_SIGN_STYLE = Automatic;
				CURRENT_PROJECT_VERSION = 1;
				DEVELOPMENT_TEAM = MXT7A7R2KH;
				GENERATE_INFOPLIST_FILE = YES;
				IPHONEOS_DEPLOYMENT_TARGET = 17.0;
				MARKETING_VERSION = 1.0;
				PRODUCT_BUNDLE_IDENTIFIER = melvinasare.truthTests;
				PRODUCT_NAME = "$(TARGET_NAME)";
				SWIFT_EMIT_LOC_STRINGS = NO;
				SWIFT_VERSION = 5.0;
				TARGETED_DEVICE_FAMILY = "1,2";
				TEST_HOST = "$(BUILT_PRODUCTS_DIR)/Truth.app/$(BUNDLE_EXECUTABLE_FOLDER_PATH)/Truth";
			};
			name = Debug;
		};
		124DAF312B3857A800D688F5 /* Release */ = {
			isa = XCBuildConfiguration;
			buildSettings = {
				ALWAYS_EMBED_SWIFT_STANDARD_LIBRARIES = YES;
				BUNDLE_LOADER = "$(TEST_HOST)";
				CODE_SIGN_STYLE = Automatic;
				CURRENT_PROJECT_VERSION = 1;
				DEVELOPMENT_TEAM = MXT7A7R2KH;
				GENERATE_INFOPLIST_FILE = YES;
				IPHONEOS_DEPLOYMENT_TARGET = 17.0;
				MARKETING_VERSION = 1.0;
				PRODUCT_BUNDLE_IDENTIFIER = melvinasare.truthTests;
				PRODUCT_NAME = "$(TARGET_NAME)";
				SWIFT_EMIT_LOC_STRINGS = NO;
				SWIFT_VERSION = 5.0;
				TARGETED_DEVICE_FAMILY = "1,2";
				TEST_HOST = "$(BUILT_PRODUCTS_DIR)/Truth.app/$(BUNDLE_EXECUTABLE_FOLDER_PATH)/Truth";
			};
			name = Release;
		};
		124DAF332B3857A800D688F5 /* Debug */ = {
			isa = XCBuildConfiguration;
			buildSettings = {
				ALWAYS_EMBED_SWIFT_STANDARD_LIBRARIES = YES;
				CODE_SIGN_STYLE = Automatic;
				CURRENT_PROJECT_VERSION = 1;
				DEVELOPMENT_TEAM = MXT7A7R2KH;
				GENERATE_INFOPLIST_FILE = YES;
				MARKETING_VERSION = 1.0;
				PRODUCT_BUNDLE_IDENTIFIER = melvinasare.truthUITests;
				PRODUCT_NAME = "$(TARGET_NAME)";
				SWIFT_EMIT_LOC_STRINGS = NO;
				SWIFT_VERSION = 5.0;
				TARGETED_DEVICE_FAMILY = "1,2";
				TEST_TARGET_NAME = truth;
			};
			name = Debug;
		};
		124DAF342B3857A800D688F5 /* Release */ = {
			isa = XCBuildConfiguration;
			buildSettings = {
				ALWAYS_EMBED_SWIFT_STANDARD_LIBRARIES = YES;
				CODE_SIGN_STYLE = Automatic;
				CURRENT_PROJECT_VERSION = 1;
				DEVELOPMENT_TEAM = MXT7A7R2KH;
				GENERATE_INFOPLIST_FILE = YES;
				MARKETING_VERSION = 1.0;
				PRODUCT_BUNDLE_IDENTIFIER = melvinasare.truthUITests;
				PRODUCT_NAME = "$(TARGET_NAME)";
				SWIFT_EMIT_LOC_STRINGS = NO;
				SWIFT_VERSION = 5.0;
				TARGETED_DEVICE_FAMILY = "1,2";
				TEST_TARGET_NAME = truth;
			};
			name = Release;
		};
/* End XCBuildConfiguration section */

/* Begin XCConfigurationList section */
		124DAEFD2B3857A500D688F5 /* Build configuration list for PBXProject "Truth" */ = {
			isa = XCConfigurationList;
			buildConfigurations = (
				124DAF2A2B3857A800D688F5 /* Debug */,
				124DAF2B2B3857A800D688F5 /* Release */,
			);
			defaultConfigurationIsVisible = 0;
			defaultConfigurationName = Release;
		};
		124DAF2C2B3857A800D688F5 /* Build configuration list for PBXNativeTarget "Truth" */ = {
			isa = XCConfigurationList;
			buildConfigurations = (
				124DAF2D2B3857A800D688F5 /* Debug */,
				124DAF2E2B3857A800D688F5 /* Release */,
			);
			defaultConfigurationIsVisible = 0;
			defaultConfigurationName = Release;
		};
		124DAF2F2B3857A800D688F5 /* Build configuration list for PBXNativeTarget "TruthTests" */ = {
			isa = XCConfigurationList;
			buildConfigurations = (
				124DAF302B3857A800D688F5 /* Debug */,
				124DAF312B3857A800D688F5 /* Release */,
			);
			defaultConfigurationIsVisible = 0;
			defaultConfigurationName = Release;
		};
		124DAF322B3857A800D688F5 /* Build configuration list for PBXNativeTarget "TruthUITests" */ = {
			isa = XCConfigurationList;
			buildConfigurations = (
				124DAF332B3857A800D688F5 /* Debug */,
				124DAF342B3857A800D688F5 /* Release */,
			);
			defaultConfigurationIsVisible = 0;
			defaultConfigurationName = Release;
		};
/* End XCConfigurationList section */

/* Begin XCRemoteSwiftPackageReference section */
		124DAF9E2B385BC200D688F5 /* XCRemoteSwiftPackageReference "CenteredCollectionView" */ = {
			isa = XCRemoteSwiftPackageReference;
			repositoryURL = "https://github.com/BenEmdon/CenteredCollectionView";
			requirement = {
				kind = upToNextMajorVersion;
				minimumVersion = 2.2.2;
			};
		};
		12574C642B4B2432008AFFD7 /* XCRemoteSwiftPackageReference "SDWebImage" */ = {
			isa = XCRemoteSwiftPackageReference;
			repositoryURL = "https://github.com/SDWebImage/SDWebImage.git";
			requirement = {
				kind = upToNextMajorVersion;
				minimumVersion = 5.18.8;
			};
		};
		12B152CA2B5D5A340027674D /* XCRemoteSwiftPackageReference "SkeletonView" */ = {
			isa = XCRemoteSwiftPackageReference;
			repositoryURL = "https://github.com/Juanpe/SkeletonView.git";
			requirement = {
				kind = upToNextMajorVersion;
				minimumVersion = 1.30.4;
			};
		};
/* End XCRemoteSwiftPackageReference section */

/* Begin XCSwiftPackageProductDependency section */
		124DAF9F2B385BC200D688F5 /* CenteredCollectionView */ = {
			isa = XCSwiftPackageProductDependency;
			package = 124DAF9E2B385BC200D688F5 /* XCRemoteSwiftPackageReference "CenteredCollectionView" */;
			productName = CenteredCollectionView;
		};
		12574C652B4B2432008AFFD7 /* SDWebImage */ = {
			isa = XCSwiftPackageProductDependency;
			package = 12574C642B4B2432008AFFD7 /* XCRemoteSwiftPackageReference "SDWebImage" */;
			productName = SDWebImage;
		};
		12B152CB2B5D5A340027674D /* SkeletonView */ = {
			isa = XCSwiftPackageProductDependency;
			package = 12B152CA2B5D5A340027674D /* XCRemoteSwiftPackageReference "SkeletonView" */;
			productName = SkeletonView;
		};
/* End XCSwiftPackageProductDependency section */
	};
	rootObject = 124DAEFA2B3857A500D688F5 /* Project object */;
}
