// !$*UTF8*$!
{
	archiveVersion = 1;
	classes = {
	};
	objectVersion = 56;
	objects = {

/* Begin PBXBuildFile section */
		124DAF062B3857A500D688F5 /* AppDelegate.swift in Sources */ = {isa = PBXBuildFile; fileRef = 124DAF052B3857A500D688F5 /* AppDelegate.swift */; };
		124DAF082B3857A500D688F5 /* SceneDelegate.swift in Sources */ = {isa = PBXBuildFile; fileRef = 124DAF072B3857A500D688F5 /* SceneDelegate.swift */; };
		124DAF0A2B3857A500D688F5 /* ViewController.swift in Sources */ = {isa = PBXBuildFile; fileRef = 124DAF092B3857A500D688F5 /* ViewController.swift */; };
		124DAF0D2B3857A500D688F5 /* Main.storyboard in Resources */ = {isa = PBXBuildFile; fileRef = 124DAF0B2B3857A500D688F5 /* Main.storyboard */; };
		124DAF0F2B3857A800D688F5 /* Assets.xcassets in Resources */ = {isa = PBXBuildFile; fileRef = 124DAF0E2B3857A800D688F5 /* Assets.xcassets */; };
		124DAF122B3857A800D688F5 /* LaunchScreen.storyboard in Resources */ = {isa = PBXBuildFile; fileRef = 124DAF102B3857A800D688F5 /* LaunchScreen.storyboard */; };
		124DAF1D2B3857A800D688F5 /* truthTests.swift in Sources */ = {isa = PBXBuildFile; fileRef = 124DAF1C2B3857A800D688F5 /* truthTests.swift */; };
		124DAF272B3857A800D688F5 /* truthUITests.swift in Sources */ = {isa = PBXBuildFile; fileRef = 124DAF262B3857A800D688F5 /* truthUITests.swift */; };
		124DAF292B3857A800D688F5 /* truthUITestsLaunchTests.swift in Sources */ = {isa = PBXBuildFile; fileRef = 124DAF282B3857A800D688F5 /* truthUITestsLaunchTests.swift */; };
/* End PBXBuildFile section */

/* Begin PBXContainerItemProxy section */
		124DAF192B3857A800D688F5 /* PBXContainerItemProxy */ = {
			isa = PBXContainerItemProxy;
			containerPortal = 124DAEFA2B3857A500D688F5 /* Project object */;
			proxyType = 1;
			remoteGlobalIDString = 124DAF012B3857A500D688F5;
			remoteInfo = truth;
		};
		124DAF232B3857A800D688F5 /* PBXContainerItemProxy */ = {
			isa = PBXContainerItemProxy;
			containerPortal = 124DAEFA2B3857A500D688F5 /* Project object */;
			proxyType = 1;
			remoteGlobalIDString = 124DAF012B3857A500D688F5;
			remoteInfo = truth;
		};
/* End PBXContainerItemProxy section */

/* Begin PBXFileReference section */
		124DAF022B3857A500D688F5 /* truth.app */ = {isa = PBXFileReference; explicitFileType = wrapper.application; includeInIndex = 0; path = truth.app; sourceTree = BUILT_PRODUCTS_DIR; };
		124DAF052B3857A500D688F5 /* AppDelegate.swift */ = {isa = PBXFileReference; lastKnownFileType = sourcecode.swift; path = AppDelegate.swift; sourceTree = "<group>"; };
		124DAF072B3857A500D688F5 /* SceneDelegate.swift */ = {isa = PBXFileReference; lastKnownFileType = sourcecode.swift; path = SceneDelegate.swift; sourceTree = "<group>"; };
		124DAF092B3857A500D688F5 /* ViewController.swift */ = {isa = PBXFileReference; lastKnownFileType = sourcecode.swift; path = ViewController.swift; sourceTree = "<group>"; };
		124DAF0C2B3857A500D688F5 /* Base */ = {isa = PBXFileReference; lastKnownFileType = file.storyboard; name = Base; path = Base.lproj/Main.storyboard; sourceTree = "<group>"; };
		124DAF0E2B3857A800D688F5 /* Assets.xcassets */ = {isa = PBXFileReference; lastKnownFileType = folder.assetcatalog; path = Assets.xcassets; sourceTree = "<group>"; };
		124DAF112B3857A800D688F5 /* Base */ = {isa = PBXFileReference; lastKnownFileType = file.storyboard; name = Base; path = Base.lproj/LaunchScreen.storyboard; sourceTree = "<group>"; };
		124DAF132B3857A800D688F5 /* Info.plist */ = {isa = PBXFileReference; lastKnownFileType = text.plist.xml; path = Info.plist; sourceTree = "<group>"; };
		124DAF182B3857A800D688F5 /* truthTests.xctest */ = {isa = PBXFileReference; explicitFileType = wrapper.cfbundle; includeInIndex = 0; path = truthTests.xctest; sourceTree = BUILT_PRODUCTS_DIR; };
		124DAF1C2B3857A800D688F5 /* truthTests.swift */ = {isa = PBXFileReference; lastKnownFileType = sourcecode.swift; path = truthTests.swift; sourceTree = "<group>"; };
		124DAF222B3857A800D688F5 /* truthUITests.xctest */ = {isa = PBXFileReference; explicitFileType = wrapper.cfbundle; includeInIndex = 0; path = truthUITests.xctest; sourceTree = BUILT_PRODUCTS_DIR; };
		124DAF262B3857A800D688F5 /* truthUITests.swift */ = {isa = PBXFileReference; lastKnownFileType = sourcecode.swift; path = truthUITests.swift; sourceTree = "<group>"; };
		124DAF282B3857A800D688F5 /* truthUITestsLaunchTests.swift */ = {isa = PBXFileReference; lastKnownFileType = sourcecode.swift; path = truthUITestsLaunchTests.swift; sourceTree = "<group>"; };
/* End PBXFileReference section */

/* Begin PBXFrameworksBuildPhase section */
		124DAEFF2B3857A500D688F5 /* Frameworks */ = {
			isa = PBXFrameworksBuildPhase;
			buildActionMask = 2147483647;
			files = (
			);
			runOnlyForDeploymentPostprocessing = 0;
		};
		124DAF152B3857A800D688F5 /* Frameworks */ = {
			isa = PBXFrameworksBuildPhase;
			buildActionMask = 2147483647;
			files = (
			);
			runOnlyForDeploymentPostprocessing = 0;
		};
		124DAF1F2B3857A800D688F5 /* Frameworks */ = {
			isa = PBXFrameworksBuildPhase;
			buildActionMask = 2147483647;
			files = (
			);
			runOnlyForDeploymentPostprocessing = 0;
		};
/* End PBXFrameworksBuildPhase section */

/* Begin PBXGroup section */
		124DAEF92B3857A500D688F5 = {
			isa = PBXGroup;
			children = (
				124DAF042B3857A500D688F5 /* truth */,
				124DAF1B2B3857A800D688F5 /* truthTests */,
				124DAF252B3857A800D688F5 /* truthUITests */,
				124DAF032B3857A500D688F5 /* Products */,
			);
			sourceTree = "<group>";
		};
		124DAF032B3857A500D688F5 /* Products */ = {
			isa = PBXGroup;
			children = (
				124DAF022B3857A500D688F5 /* truth.app */,
				124DAF182B3857A800D688F5 /* truthTests.xctest */,
				124DAF222B3857A800D688F5 /* truthUITests.xctest */,
			);
			name = Products;
			sourceTree = "<group>";
		};
		124DAF042B3857A500D688F5 /* truth */ = {
			isa = PBXGroup;
			children = (
				124DAF052B3857A500D688F5 /* AppDelegate.swift */,
				124DAF072B3857A500D688F5 /* SceneDelegate.swift */,
				124DAF092B3857A500D688F5 /* ViewController.swift */,
				124DAF0B2B3857A500D688F5 /* Main.storyboard */,
				124DAF0E2B3857A800D688F5 /* Assets.xcassets */,
				124DAF102B3857A800D688F5 /* LaunchScreen.storyboard */,
				124DAF132B3857A800D688F5 /* Info.plist */,
			);
			path = truth;
			sourceTree = "<group>";
		};
		124DAF1B2B3857A800D688F5 /* truthTests */ = {
			isa = PBXGroup;
			children = (
				124DAF1C2B3857A800D688F5 /* truthTests.swift */,
			);
			path = truthTests;
			sourceTree = "<group>";
		};
		124DAF252B3857A800D688F5 /* truthUITests */ = {
			isa = PBXGroup;
			children = (
				124DAF262B3857A800D688F5 /* truthUITests.swift */,
				124DAF282B3857A800D688F5 /* truthUITestsLaunchTests.swift */,
			);
			path = truthUITests;
			sourceTree = "<group>";
		};
/* End PBXGroup section */

/* Begin PBXNativeTarget section */
		124DAF012B3857A500D688F5 /* truth */ = {
			isa = PBXNativeTarget;
			buildConfigurationList = 124DAF2C2B3857A800D688F5 /* Build configuration list for PBXNativeTarget "truth" */;
			buildPhases = (
				124DAEFE2B3857A500D688F5 /* Sources */,
				124DAEFF2B3857A500D688F5 /* Frameworks */,
				124DAF002B3857A500D688F5 /* Resources */,
			);
			buildRules = (
			);
			dependencies = (
			);
			name = truth;
			productName = truth;
			productReference = 124DAF022B3857A500D688F5 /* truth.app */;
			productType = "com.apple.product-type.application";
		};
		124DAF172B3857A800D688F5 /* truthTests */ = {
			isa = PBXNativeTarget;
			buildConfigurationList = 124DAF2F2B3857A800D688F5 /* Build configuration list for PBXNativeTarget "truthTests" */;
			buildPhases = (
				124DAF142B3857A800D688F5 /* Sources */,
				124DAF152B3857A800D688F5 /* Frameworks */,
				124DAF162B3857A800D688F5 /* Resources */,
			);
			buildRules = (
			);
			dependencies = (
				124DAF1A2B3857A800D688F5 /* PBXTargetDependency */,
			);
			name = truthTests;
			productName = truthTests;
			productReference = 124DAF182B3857A800D688F5 /* truthTests.xctest */;
			productType = "com.apple.product-type.bundle.unit-test";
		};
		124DAF212B3857A800D688F5 /* truthUITests */ = {
			isa = PBXNativeTarget;
			buildConfigurationList = 124DAF322B3857A800D688F5 /* Build configuration list for PBXNativeTarget "truthUITests" */;
			buildPhases = (
				124DAF1E2B3857A800D688F5 /* Sources */,
				124DAF1F2B3857A800D688F5 /* Frameworks */,
				124DAF202B3857A800D688F5 /* Resources */,
			);
			buildRules = (
			);
			dependencies = (
				124DAF242B3857A800D688F5 /* PBXTargetDependency */,
			);
			name = truthUITests;
			productName = truthUITests;
			productReference = 124DAF222B3857A800D688F5 /* truthUITests.xctest */;
			productType = "com.apple.product-type.bundle.ui-testing";
		};
/* End PBXNativeTarget section */

/* Begin PBXProject section */
		124DAEFA2B3857A500D688F5 /* Project object */ = {
			isa = PBXProject;
			attributes = {
				BuildIndependentTargetsInParallel = 1;
				LastSwiftUpdateCheck = 1500;
				LastUpgradeCheck = 1500;
				TargetAttributes = {
					124DAF012B3857A500D688F5 = {
						CreatedOnToolsVersion = 15.0.1;
					};
					124DAF172B3857A800D688F5 = {
						CreatedOnToolsVersion = 15.0.1;
						TestTargetID = 124DAF012B3857A500D688F5;
					};
					124DAF212B3857A800D688F5 = {
						CreatedOnToolsVersion = 15.0.1;
						TestTargetID = 124DAF012B3857A500D688F5;
					};
				};
			};
			buildConfigurationList = 124DAEFD2B3857A500D688F5 /* Build configuration list for PBXProject "truth" */;
			compatibilityVersion = "Xcode 14.0";
			developmentRegion = en;
			hasScannedForEncodings = 0;
			knownRegions = (
				en,
				Base,
			);
			mainGroup = 124DAEF92B3857A500D688F5;
			productRefGroup = 124DAF032B3857A500D688F5 /* Products */;
			projectDirPath = "";
			projectRoot = "";
			targets = (
				124DAF012B3857A500D688F5 /* truth */,
				124DAF172B3857A800D688F5 /* truthTests */,
				124DAF212B3857A800D688F5 /* truthUITests */,
			);
		};
/* End PBXProject section */

/* Begin PBXResourcesBuildPhase section */
		124DAF002B3857A500D688F5 /* Resources */ = {
			isa = PBXResourcesBuildPhase;
			buildActionMask = 2147483647;
			files = (
				124DAF122B3857A800D688F5 /* LaunchScreen.storyboard in Resources */,
				124DAF0F2B3857A800D688F5 /* Assets.xcassets in Resources */,
				124DAF0D2B3857A500D688F5 /* Main.storyboard in Resources */,
			);
			runOnlyForDeploymentPostprocessing = 0;
		};
		124DAF162B3857A800D688F5 /* Resources */ = {
			isa = PBXResourcesBuildPhase;
			buildActionMask = 2147483647;
			files = (
			);
			runOnlyForDeploymentPostprocessing = 0;
		};
		124DAF202B3857A800D688F5 /* Resources */ = {
			isa = PBXResourcesBuildPhase;
			buildActionMask = 2147483647;
			files = (
			);
			runOnlyForDeploymentPostprocessing = 0;
		};
/* End PBXResourcesBuildPhase section */

/* Begin PBXSourcesBuildPhase section */
		124DAEFE2B3857A500D688F5 /* Sources */ = {
			isa = PBXSourcesBuildPhase;
			buildActionMask = 2147483647;
			files = (
				124DAF0A2B3857A500D688F5 /* ViewController.swift in Sources */,
				124DAF062B3857A500D688F5 /* AppDelegate.swift in Sources */,
				124DAF082B3857A500D688F5 /* SceneDelegate.swift in Sources */,
			);
			runOnlyForDeploymentPostprocessing = 0;
		};
		124DAF142B3857A800D688F5 /* Sources */ = {
			isa = PBXSourcesBuildPhase;
			buildActionMask = 2147483647;
			files = (
				124DAF1D2B3857A800D688F5 /* truthTests.swift in Sources */,
			);
			runOnlyForDeploymentPostprocessing = 0;
		};
		124DAF1E2B3857A800D688F5 /* Sources */ = {
			isa = PBXSourcesBuildPhase;
			buildActionMask = 2147483647;
			files = (
				124DAF292B3857A800D688F5 /* truthUITestsLaunchTests.swift in Sources */,
				124DAF272B3857A800D688F5 /* truthUITests.swift in Sources */,
			);
			runOnlyForDeploymentPostprocessing = 0;
		};
/* End PBXSourcesBuildPhase section */

/* Begin PBXTargetDependency section */
		124DAF1A2B3857A800D688F5 /* PBXTargetDependency */ = {
			isa = PBXTargetDependency;
			target = 124DAF012B3857A500D688F5 /* truth */;
			targetProxy = 124DAF192B3857A800D688F5 /* PBXContainerItemProxy */;
		};
		124DAF242B3857A800D688F5 /* PBXTargetDependency */ = {
			isa = PBXTargetDependency;
			target = 124DAF012B3857A500D688F5 /* truth */;
			targetProxy = 124DAF232B3857A800D688F5 /* PBXContainerItemProxy */;
		};
/* End PBXTargetDependency section */

/* Begin PBXVariantGroup section */
		124DAF0B2B3857A500D688F5 /* Main.storyboard */ = {
			isa = PBXVariantGroup;
			children = (
				124DAF0C2B3857A500D688F5 /* Base */,
			);
			name = Main.storyboard;
			sourceTree = "<group>";
		};
		124DAF102B3857A800D688F5 /* LaunchScreen.storyboard */ = {
			isa = PBXVariantGroup;
			children = (
				124DAF112B3857A800D688F5 /* Base */,
			);
			name = LaunchScreen.storyboard;
			sourceTree = "<group>";
		};
/* End PBXVariantGroup section */

/* Begin XCBuildConfiguration section */
		124DAF2A2B3857A800D688F5 /* Debug */ = {
			isa = XCBuildConfiguration;
			buildSettings = {
				ALWAYS_SEARCH_USER_PATHS = NO;
				ASSETCATALOG_COMPILER_GENERATE_SWIFT_ASSET_SYMBOL_EXTENSIONS = YES;
				CLANG_ANALYZER_NONNULL = YES;
				CLANG_ANALYZER_NUMBER_OBJECT_CONVERSION = YES_AGGRESSIVE;
				CLANG_CXX_LANGUAGE_STANDARD = "gnu++20";
				CLANG_ENABLE_MODULES = YES;
				CLANG_ENABLE_OBJC_ARC = YES;
				CLANG_ENABLE_OBJC_WEAK = YES;
				CLANG_WARN_BLOCK_CAPTURE_AUTORELEASING = YES;
				CLANG_WARN_BOOL_CONVERSION = YES;
				CLANG_WARN_COMMA = YES;
				CLANG_WARN_CONSTANT_CONVERSION = YES;
				CLANG_WARN_DEPRECATED_OBJC_IMPLEMENTATIONS = YES;
				CLANG_WARN_DIRECT_OBJC_ISA_USAGE = YES_ERROR;
				CLANG_WARN_DOCUMENTATION_COMMENTS = YES;
				CLANG_WARN_EMPTY_BODY = YES;
				CLANG_WARN_ENUM_CONVERSION = YES;
				CLANG_WARN_INFINITE_RECURSION = YES;
				CLANG_WARN_INT_CONVERSION = YES;
				CLANG_WARN_NON_LITERAL_NULL_CONVERSION = YES;
				CLANG_WARN_OBJC_IMPLICIT_RETAIN_SELF = YES;
				CLANG_WARN_OBJC_LITERAL_CONVERSION = YES;
				CLANG_WARN_OBJC_ROOT_CLASS = YES_ERROR;
				CLANG_WARN_QUOTED_INCLUDE_IN_FRAMEWORK_HEADER = YES;
				CLANG_WARN_RANGE_LOOP_ANALYSIS = YES;
				CLANG_WARN_STRICT_PROTOTYPES = YES;
				CLANG_WARN_SUSPICIOUS_MOVE = YES;
				CLANG_WARN_UNGUARDED_AVAILABILITY = YES_AGGRESSIVE;
				CLANG_WARN_UNREACHABLE_CODE = YES;
				CLANG_WARN__DUPLICATE_METHOD_MATCH = YES;
				COPY_PHASE_STRIP = NO;
				DEBUG_INFORMATION_FORMAT = dwarf;
				ENABLE_STRICT_OBJC_MSGSEND = YES;
				ENABLE_TESTABILITY = YES;
				ENABLE_USER_SCRIPT_SANDBOXING = YES;
				GCC_C_LANGUAGE_STANDARD = gnu17;
				GCC_DYNAMIC_NO_PIC = NO;
				GCC_NO_COMMON_BLOCKS = YES;
				GCC_OPTIMIZATION_LEVEL = 0;
				GCC_PREPROCESSOR_DEFINITIONS = (
					"DEBUG=1",
					"$(inherited)",
				);
				GCC_WARN_64_TO_32_BIT_CONVERSION = YES;
				GCC_WARN_ABOUT_RETURN_TYPE = YES_ERROR;
				GCC_WARN_UNDECLARED_SELECTOR = YES;
				GCC_WARN_UNINITIALIZED_AUTOS = YES_AGGRESSIVE;
				GCC_WARN_UNUSED_FUNCTION = YES;
				GCC_WARN_UNUSED_VARIABLE = YES;
				IPHONEOS_DEPLOYMENT_TARGET = 17.0;
				LOCALIZATION_PREFERS_STRING_CATALOGS = YES;
				MTL_ENABLE_DEBUG_INFO = INCLUDE_SOURCE;
				MTL_FAST_MATH = YES;
				ONLY_ACTIVE_ARCH = YES;
				SDKROOT = iphoneos;
				SWIFT_ACTIVE_COMPILATION_CONDITIONS = "DEBUG $(inherited)";
				SWIFT_OPTIMIZATION_LEVEL = "-Onone";
			};
			name = Debug;
		};
		124DAF2B2B3857A800D688F5 /* Release */ = {
			isa = XCBuildConfiguration;
			buildSettings = {
				ALWAYS_SEARCH_USER_PATHS = NO;
				ASSETCATALOG_COMPILER_GENERATE_SWIFT_ASSET_SYMBOL_EXTENSIONS = YES;
				CLANG_ANALYZER_NONNULL = YES;
				CLANG_ANALYZER_NUMBER_OBJECT_CONVERSION = YES_AGGRESSIVE;
				CLANG_CXX_LANGUAGE_STANDARD = "gnu++20";
				CLANG_ENABLE_MODULES = YES;
				CLANG_ENABLE_OBJC_ARC = YES;
				CLANG_ENABLE_OBJC_WEAK = YES;
				CLANG_WARN_BLOCK_CAPTURE_AUTORELEASING = YES;
				CLANG_WARN_BOOL_CONVERSION = YES;
				CLANG_WARN_COMMA = YES;
				CLANG_WARN_CONSTANT_CONVERSION = YES;
				CLANG_WARN_DEPRECATED_OBJC_IMPLEMENTATIONS = YES;
				CLANG_WARN_DIRECT_OBJC_ISA_USAGE = YES_ERROR;
				CLANG_WARN_DOCUMENTATION_COMMENTS = YES;
				CLANG_WARN_EMPTY_BODY = YES;
				CLANG_WARN_ENUM_CONVERSION = YES;
				CLANG_WARN_INFINITE_RECURSION = YES;
				CLANG_WARN_INT_CONVERSION = YES;
				CLANG_WARN_NON_LITERAL_NULL_CONVERSION = YES;
				CLANG_WARN_OBJC_IMPLICIT_RETAIN_SELF = YES;
				CLANG_WARN_OBJC_LITERAL_CONVERSION = YES;
				CLANG_WARN_OBJC_ROOT_CLASS = YES_ERROR;
				CLANG_WARN_QUOTED_INCLUDE_IN_FRAMEWORK_HEADER = YES;
				CLANG_WARN_RANGE_LOOP_ANALYSIS = YES;
				CLANG_WARN_STRICT_PROTOTYPES = YES;
				CLANG_WARN_SUSPICIOUS_MOVE = YES;
				CLANG_WARN_UNGUARDED_AVAILABILITY = YES_AGGRESSIVE;
				CLANG_WARN_UNREACHABLE_CODE = YES;
				CLANG_WARN__DUPLICATE_METHOD_MATCH = YES;
				COPY_PHASE_STRIP = NO;
				DEBUG_INFORMATION_FORMAT = "dwarf-with-dsym";
				ENABLE_NS_ASSERTIONS = NO;
				ENABLE_STRICT_OBJC_MSGSEND = YES;
				ENABLE_USER_SCRIPT_SANDBOXING = YES;
				GCC_C_LANGUAGE_STANDARD = gnu17;
				GCC_NO_COMMON_BLOCKS = YES;
				GCC_WARN_64_TO_32_BIT_CONVERSION = YES;
				GCC_WARN_ABOUT_RETURN_TYPE = YES_ERROR;
				GCC_WARN_UNDECLARED_SELECTOR = YES;
				GCC_WARN_UNINITIALIZED_AUTOS = YES_AGGRESSIVE;
				GCC_WARN_UNUSED_FUNCTION = YES;
				GCC_WARN_UNUSED_VARIABLE = YES;
				IPHONEOS_DEPLOYMENT_TARGET = 17.0;
				LOCALIZATION_PREFERS_STRING_CATALOGS = YES;
				MTL_ENABLE_DEBUG_INFO = NO;
				MTL_FAST_MATH = YES;
				SDKROOT = iphoneos;
				SWIFT_COMPILATION_MODE = wholemodule;
				VALIDATE_PRODUCT = YES;
			};
			name = Release;
		};
		124DAF2D2B3857A800D688F5 /* Debug */ = {
			isa = XCBuildConfiguration;
			buildSettings = {
				ASSETCATALOG_COMPILER_APPICON_NAME = AppIcon;
				ASSETCATALOG_COMPILER_GLOBAL_ACCENT_COLOR_NAME = AccentColor;
				CODE_SIGN_STYLE = Automatic;
				CURRENT_PROJECT_VERSION = 1;
				DEVELOPMENT_TEAM = MXT7A7R2KH;
				GENERATE_INFOPLIST_FILE = YES;
				INFOPLIST_FILE = truth/Info.plist;
				INFOPLIST_KEY_UIApplicationSupportsIndirectInputEvents = YES;
				INFOPLIST_KEY_UILaunchStoryboardName = LaunchScreen;
				INFOPLIST_KEY_UIMainStoryboardFile = Main;
				INFOPLIST_KEY_UISupportedInterfaceOrientations_iPad = "UIInterfaceOrientationPortrait UIInterfaceOrientationPortraitUpsideDown UIInterfaceOrientationLandscapeLeft UIInterfaceOrientationLandscapeRight";
				INFOPLIST_KEY_UISupportedInterfaceOrientations_iPhone = "UIInterfaceOrientationPortrait UIInterfaceOrientationLandscapeLeft UIInterfaceOrientationLandscapeRight";
				LD_RUNPATH_SEARCH_PATHS = (
					"$(inherited)",
					"@executable_path/Frameworks",
				);
				MARKETING_VERSION = 1.0;
				PRODUCT_BUNDLE_IDENTIFIER = melvinasare.truth;
				PRODUCT_NAME = "$(TARGET_NAME)";
				SWIFT_EMIT_LOC_STRINGS = YES;
				SWIFT_VERSION = 5.0;
				TARGETED_DEVICE_FAMILY = "1,2";
			};
			name = Debug;
		};
		124DAF2E2B3857A800D688F5 /* Release */ = {
			isa = XCBuildConfiguration;
			buildSettings = {
				ASSETCATALOG_COMPILER_APPICON_NAME = AppIcon;
				ASSETCATALOG_COMPILER_GLOBAL_ACCENT_COLOR_NAME = AccentColor;
				CODE_SIGN_STYLE = Automatic;
				CURRENT_PROJECT_VERSION = 1;
				DEVELOPMENT_TEAM = MXT7A7R2KH;
				GENERATE_INFOPLIST_FILE = YES;
				INFOPLIST_FILE = truth/Info.plist;
				INFOPLIST_KEY_UIApplicationSupportsIndirectInputEvents = YES;
				INFOPLIST_KEY_UILaunchStoryboardName = LaunchScreen;
				INFOPLIST_KEY_UIMainStoryboardFile = Main;
				INFOPLIST_KEY_UISupportedInterfaceOrientations_iPad = "UIInterfaceOrientationPortrait UIInterfaceOrientationPortraitUpsideDown UIInterfaceOrientationLandscapeLeft UIInterfaceOrientationLandscapeRight";
				INFOPLIST_KEY_UISupportedInterfaceOrientations_iPhone = "UIInterfaceOrientationPortrait UIInterfaceOrientationLandscapeLeft UIInterfaceOrientationLandscapeRight";
				LD_RUNPATH_SEARCH_PATHS = (
					"$(inherited)",
					"@executable_path/Frameworks",
				);
				MARKETING_VERSION = 1.0;
				PRODUCT_BUNDLE_IDENTIFIER = melvinasare.truth;
				PRODUCT_NAME = "$(TARGET_NAME)";
				SWIFT_EMIT_LOC_STRINGS = YES;
				SWIFT_VERSION = 5.0;
				TARGETED_DEVICE_FAMILY = "1,2";
			};
			name = Release;
		};
		124DAF302B3857A800D688F5 /* Debug */ = {
			isa = XCBuildConfiguration;
			buildSettings = {
				ALWAYS_EMBED_SWIFT_STANDARD_LIBRARIES = YES;
				BUNDLE_LOADER = "$(TEST_HOST)";
				CODE_SIGN_STYLE = Automatic;
				CURRENT_PROJECT_VERSION = 1;
				DEVELOPMENT_TEAM = MXT7A7R2KH;
				GENERATE_INFOPLIST_FILE = YES;
				IPHONEOS_DEPLOYMENT_TARGET = 17.0;
				MARKETING_VERSION = 1.0;
				PRODUCT_BUNDLE_IDENTIFIER = melvinasare.truthTests;
				PRODUCT_NAME = "$(TARGET_NAME)";
				SWIFT_EMIT_LOC_STRINGS = NO;
				SWIFT_VERSION = 5.0;
				TARGETED_DEVICE_FAMILY = "1,2";
				TEST_HOST = "$(BUILT_PRODUCTS_DIR)/truth.app/$(BUNDLE_EXECUTABLE_FOLDER_PATH)/truth";
			};
			name = Debug;
		};
		124DAF312B3857A800D688F5 /* Release */ = {
			isa = XCBuildConfiguration;
			buildSettings = {
				ALWAYS_EMBED_SWIFT_STANDARD_LIBRARIES = YES;
				BUNDLE_LOADER = "$(TEST_HOST)";
				CODE_SIGN_STYLE = Automatic;
				CURRENT_PROJECT_VERSION = 1;
				DEVELOPMENT_TEAM = MXT7A7R2KH;
				GENERATE_INFOPLIST_FILE = YES;
				IPHONEOS_DEPLOYMENT_TARGET = 17.0;
				MARKETING_VERSION = 1.0;
				PRODUCT_BUNDLE_IDENTIFIER = melvinasare.truthTests;
				PRODUCT_NAME = "$(TARGET_NAME)";
				SWIFT_EMIT_LOC_STRINGS = NO;
				SWIFT_VERSION = 5.0;
				TARGETED_DEVICE_FAMILY = "1,2";
				TEST_HOST = "$(BUILT_PRODUCTS_DIR)/truth.app/$(BUNDLE_EXECUTABLE_FOLDER_PATH)/truth";
			};
			name = Release;
		};
		124DAF332B3857A800D688F5 /* Debug */ = {
			isa = XCBuildConfiguration;
			buildSettings = {
				ALWAYS_EMBED_SWIFT_STANDARD_LIBRARIES = YES;
				CODE_SIGN_STYLE = Automatic;
				CURRENT_PROJECT_VERSION = 1;
				DEVELOPMENT_TEAM = MXT7A7R2KH;
				GENERATE_INFOPLIST_FILE = YES;
				MARKETING_VERSION = 1.0;
				PRODUCT_BUNDLE_IDENTIFIER = melvinasare.truthUITests;
				PRODUCT_NAME = "$(TARGET_NAME)";
				SWIFT_EMIT_LOC_STRINGS = NO;
				SWIFT_VERSION = 5.0;
				TARGETED_DEVICE_FAMILY = "1,2";
				TEST_TARGET_NAME = truth;
			};
			name = Debug;
		};
		124DAF342B3857A800D688F5 /* Release */ = {
			isa = XCBuildConfiguration;
			buildSettings = {
				ALWAYS_EMBED_SWIFT_STANDARD_LIBRARIES = YES;
				CODE_SIGN_STYLE = Automatic;
				CURRENT_PROJECT_VERSION = 1;
				DEVELOPMENT_TEAM = MXT7A7R2KH;
				GENERATE_INFOPLIST_FILE = YES;
				MARKETING_VERSION = 1.0;
				PRODUCT_BUNDLE_IDENTIFIER = melvinasare.truthUITests;
				PRODUCT_NAME = "$(TARGET_NAME)";
				SWIFT_EMIT_LOC_STRINGS = NO;
				SWIFT_VERSION = 5.0;
				TARGETED_DEVICE_FAMILY = "1,2";
				TEST_TARGET_NAME = truth;
			};
			name = Release;
		};
/* End XCBuildConfiguration section */

/* Begin XCConfigurationList section */
		124DAEFD2B3857A500D688F5 /* Build configuration list for PBXProject "truth" */ = {
			isa = XCConfigurationList;
			buildConfigurations = (
				124DAF2A2B3857A800D688F5 /* Debug */,
				124DAF2B2B3857A800D688F5 /* Release */,
			);
			defaultConfigurationIsVisible = 0;
			defaultConfigurationName = Release;
		};
		124DAF2C2B3857A800D688F5 /* Build configuration list for PBXNativeTarget "truth" */ = {
			isa = XCConfigurationList;
			buildConfigurations = (
				124DAF2D2B3857A800D688F5 /* Debug */,
				124DAF2E2B3857A800D688F5 /* Release */,
			);
			defaultConfigurationIsVisible = 0;
			defaultConfigurationName = Release;
		};
		124DAF2F2B3857A800D688F5 /* Build configuration list for PBXNativeTarget "truthTests" */ = {
			isa = XCConfigurationList;
			buildConfigurations = (
				124DAF302B3857A800D688F5 /* Debug */,
				124DAF312B3857A800D688F5 /* Release */,
			);
			defaultConfigurationIsVisible = 0;
			defaultConfigurationName = Release;
		};
		124DAF322B3857A800D688F5 /* Build configuration list for PBXNativeTarget "truthUITests" */ = {
			isa = XCConfigurationList;
			buildConfigurations = (
				124DAF332B3857A800D688F5 /* Debug */,
				124DAF342B3857A800D688F5 /* Release */,
			);
			defaultConfigurationIsVisible = 0;
			defaultConfigurationName = Release;
		};
/* End XCConfigurationList section */
	};
	rootObject = 124DAEFA2B3857A500D688F5 /* Project object */;
}
